// !$*UTF8*$!
{
	archiveVersion = 1;
	classes = {
	};
	objectVersion = 50;
	objects = {

/* Begin PBXBuildFile section */
		C13F2D0024FFD79500816E7F /* SearchInputView.swift in Sources */ = {isa = PBXBuildFile; fileRef = C13F2CFF24FFD79500816E7F /* SearchInputView.swift */; };
		C13F2D022500349200816E7F /* InputView.swift in Sources */ = {isa = PBXBuildFile; fileRef = C13F2D012500349200816E7F /* InputView.swift */; };
		C155D9AB24FED2F10021746E /* AppDelegate.swift in Sources */ = {isa = PBXBuildFile; fileRef = C155D9AA24FED2F10021746E /* AppDelegate.swift */; };
		C155D9AD24FED2F10021746E /* SceneDelegate.swift in Sources */ = {isa = PBXBuildFile; fileRef = C155D9AC24FED2F10021746E /* SceneDelegate.swift */; };
		C155D9AF24FED2F10021746E /* HomeController.swift in Sources */ = {isa = PBXBuildFile; fileRef = C155D9AE24FED2F10021746E /* HomeController.swift */; };
		C155D9B424FED2F30021746E /* Assets.xcassets in Resources */ = {isa = PBXBuildFile; fileRef = C155D9B324FED2F30021746E /* Assets.xcassets */; };
		C155D9B724FED2F30021746E /* LaunchScreen.storyboard in Resources */ = {isa = PBXBuildFile; fileRef = C155D9B524FED2F30021746E /* LaunchScreen.storyboard */; };
		C155D9C124FED44D0021746E /* Extensions.swift in Sources */ = {isa = PBXBuildFile; fileRef = C155D9C024FED44D0021746E /* Extensions.swift */; };
		C155D9C424FEDBBA0021746E /* Place.swift in Sources */ = {isa = PBXBuildFile; fileRef = C155D9C324FEDBBA0021746E /* Place.swift */; };
/* End PBXBuildFile section */

/* Begin PBXFileReference section */
		C13F2CFF24FFD79500816E7F /* SearchInputView.swift */ = {isa = PBXFileReference; lastKnownFileType = sourcecode.swift; path = SearchInputView.swift; sourceTree = "<group>"; };
		C13F2D012500349200816E7F /* InputView.swift */ = {isa = PBXFileReference; lastKnownFileType = sourcecode.swift; path = InputView.swift; sourceTree = "<group>"; };
		C155D9A724FED2F10021746E /* SoSafeTest.app */ = {isa = PBXFileReference; explicitFileType = wrapper.application; includeInIndex = 0; path = SoSafeTest.app; sourceTree = BUILT_PRODUCTS_DIR; };
		C155D9AA24FED2F10021746E /* AppDelegate.swift */ = {isa = PBXFileReference; lastKnownFileType = sourcecode.swift; path = AppDelegate.swift; sourceTree = "<group>"; };
		C155D9AC24FED2F10021746E /* SceneDelegate.swift */ = {isa = PBXFileReference; lastKnownFileType = sourcecode.swift; path = SceneDelegate.swift; sourceTree = "<group>"; };
		C155D9AE24FED2F10021746E /* HomeController.swift */ = {isa = PBXFileReference; lastKnownFileType = sourcecode.swift; path = HomeController.swift; sourceTree = "<group>"; };
		C155D9B324FED2F30021746E /* Assets.xcassets */ = {isa = PBXFileReference; lastKnownFileType = folder.assetcatalog; path = Assets.xcassets; sourceTree = "<group>"; };
		C155D9B624FED2F30021746E /* Base */ = {isa = PBXFileReference; lastKnownFileType = file.storyboard; name = Base; path = Base.lproj/LaunchScreen.storyboard; sourceTree = "<group>"; };
		C155D9B824FED2F30021746E /* Info.plist */ = {isa = PBXFileReference; lastKnownFileType = text.plist.xml; path = Info.plist; sourceTree = "<group>"; };
		C155D9C024FED44D0021746E /* Extensions.swift */ = {isa = PBXFileReference; lastKnownFileType = sourcecode.swift; path = Extensions.swift; sourceTree = "<group>"; };
		C155D9C324FEDBBA0021746E /* Place.swift */ = {isa = PBXFileReference; lastKnownFileType = sourcecode.swift; path = Place.swift; sourceTree = "<group>"; };
/* End PBXFileReference section */

/* Begin PBXFrameworksBuildPhase section */
		C155D9A424FED2F10021746E /* Frameworks */ = {
			isa = PBXFrameworksBuildPhase;
			buildActionMask = 2147483647;
			files = (
			);
			runOnlyForDeploymentPostprocessing = 0;
		};
/* End PBXFrameworksBuildPhase section */

/* Begin PBXGroup section */
		C13F2CFE24FFD74C00816E7F /* View */ = {
			isa = PBXGroup;
			children = (
				C13F2CFF24FFD79500816E7F /* SearchInputView.swift */,
				C13F2D012500349200816E7F /* InputView.swift */,
			);
			path = View;
			sourceTree = "<group>";
		};
		C155D99E24FED2F10021746E = {
			isa = PBXGroup;
			children = (
				C155D9A924FED2F10021746E /* SoSafeTest */,
				C155D9A824FED2F10021746E /* Products */,
			);
			sourceTree = "<group>";
		};
		C155D9A824FED2F10021746E /* Products */ = {
			isa = PBXGroup;
			children = (
				C155D9A724FED2F10021746E /* SoSafeTest.app */,
			);
			name = Products;
			sourceTree = "<group>";
		};
		C155D9A924FED2F10021746E /* SoSafeTest */ = {
			isa = PBXGroup;
			children = (
				C155D9AA24FED2F10021746E /* AppDelegate.swift */,
				C155D9AC24FED2F10021746E /* SceneDelegate.swift */,
				C13F2CFE24FFD74C00816E7F /* View */,
				C155D9C224FEDBA00021746E /* Models */,
				C155D9BF24FED43B0021746E /* Utils */,
				C155D9BE24FED3B70021746E /* Controllers */,
				C155D9B324FED2F30021746E /* Assets.xcassets */,
				C155D9B524FED2F30021746E /* LaunchScreen.storyboard */,
				C155D9B824FED2F30021746E /* Info.plist */,
			);
			path = SoSafeTest;
			sourceTree = "<group>";
		};
		C155D9BE24FED3B70021746E /* Controllers */ = {
			isa = PBXGroup;
			children = (
				C155D9AE24FED2F10021746E /* HomeController.swift */,
			);
			path = Controllers;
			sourceTree = "<group>";
		};
		C155D9BF24FED43B0021746E /* Utils */ = {
			isa = PBXGroup;
			children = (
				C155D9C024FED44D0021746E /* Extensions.swift */,
			);
			path = Utils;
			sourceTree = "<group>";
		};
		C155D9C224FEDBA00021746E /* Models */ = {
			isa = PBXGroup;
			children = (
				C155D9C324FEDBBA0021746E /* Place.swift */,
			);
			path = Models;
			sourceTree = "<group>";
		};
/* End PBXGroup section */

/* Begin PBXNativeTarget section */
		C155D9A624FED2F10021746E /* SoSafeTest */ = {
			isa = PBXNativeTarget;
			buildConfigurationList = C155D9BB24FED2F30021746E /* Build configuration list for PBXNativeTarget "SoSafeTest" */;
			buildPhases = (
				C155D9A324FED2F10021746E /* Sources */,
				C155D9A424FED2F10021746E /* Frameworks */,
				C155D9A524FED2F10021746E /* Resources */,
			);
			buildRules = (
			);
			dependencies = (
			);
			name = SoSafeTest;
			productName = SoSafeTest;
			productReference = C155D9A724FED2F10021746E /* SoSafeTest.app */;
			productType = "com.apple.product-type.application";
		};
/* End PBXNativeTarget section */

/* Begin PBXProject section */
		C155D99F24FED2F10021746E /* Project object */ = {
			isa = PBXProject;
			attributes = {
				LastSwiftUpdateCheck = 1130;
				LastUpgradeCheck = 1130;
				ORGANIZATIONNAME = "David Goren";
				TargetAttributes = {
					C155D9A624FED2F10021746E = {
						CreatedOnToolsVersion = 11.3.1;
					};
				};
			};
			buildConfigurationList = C155D9A224FED2F10021746E /* Build configuration list for PBXProject "SoSafeTest" */;
			compatibilityVersion = "Xcode 9.3";
			developmentRegion = en;
			hasScannedForEncodings = 0;
			knownRegions = (
				en,
				Base,
			);
			mainGroup = C155D99E24FED2F10021746E;
			productRefGroup = C155D9A824FED2F10021746E /* Products */;
			projectDirPath = "";
			projectRoot = "";
			targets = (
				C155D9A624FED2F10021746E /* SoSafeTest */,
			);
		};
/* End PBXProject section */

/* Begin PBXResourcesBuildPhase section */
		C155D9A524FED2F10021746E /* Resources */ = {
			isa = PBXResourcesBuildPhase;
			buildActionMask = 2147483647;
			files = (
				C155D9B724FED2F30021746E /* LaunchScreen.storyboard in Resources */,
				C155D9B424FED2F30021746E /* Assets.xcassets in Resources */,
			);
			runOnlyForDeploymentPostprocessing = 0;
		};
/* End PBXResourcesBuildPhase section */

/* Begin PBXSourcesBuildPhase section */
		C155D9A324FED2F10021746E /* Sources */ = {
			isa = PBXSourcesBuildPhase;
			buildActionMask = 2147483647;
			files = (
				C155D9C424FEDBBA0021746E /* Place.swift in Sources */,
				C13F2D022500349200816E7F /* InputView.swift in Sources */,
				C155D9AF24FED2F10021746E /* HomeController.swift in Sources */,
				C155D9AB24FED2F10021746E /* AppDelegate.swift in Sources */,
				C155D9AD24FED2F10021746E /* SceneDelegate.swift in Sources */,
				C155D9C124FED44D0021746E /* Extensions.swift in Sources */,
				C13F2D0024FFD79500816E7F /* SearchInputView.swift in Sources */,
			);
			runOnlyForDeploymentPostprocessing = 0;
		};
/* End PBXSourcesBuildPhase section */

/* Begin PBXVariantGroup section */
		C155D9B524FED2F30021746E /* LaunchScreen.storyboard */ = {
			isa = PBXVariantGroup;
			children = (
				C155D9B624FED2F30021746E /* Base */,
			);
			name = LaunchScreen.storyboard;
			sourceTree = "<group>";
		};
/* End PBXVariantGroup section */

/* Begin XCBuildConfiguration section */
		C155D9B924FED2F30021746E /* Debug */ = {
			isa = XCBuildConfiguration;
			buildSettings = {
				ALWAYS_SEARCH_USER_PATHS = NO;
				CLANG_ANALYZER_NONNULL = YES;
				CLANG_ANALYZER_NUMBER_OBJECT_CONVERSION = YES_AGGRESSIVE;
				CLANG_CXX_LANGUAGE_STANDARD = "gnu++14";
				CLANG_CXX_LIBRARY = "libc++";
				CLANG_ENABLE_MODULES = YES;
				CLANG_ENABLE_OBJC_ARC = YES;
				CLANG_ENABLE_OBJC_WEAK = YES;
				CLANG_WARN_BLOCK_CAPTURE_AUTORELEASING = YES;
				CLANG_WARN_BOOL_CONVERSION = YES;
				CLANG_WARN_COMMA = YES;
				CLANG_WARN_CONSTANT_CONVERSION = YES;
				CLANG_WARN_DEPRECATED_OBJC_IMPLEMENTATIONS = YES;
				CLANG_WARN_DIRECT_OBJC_ISA_USAGE = YES_ERROR;
				CLANG_WARN_DOCUMENTATION_COMMENTS = YES;
				CLANG_WARN_EMPTY_BODY = YES;
				CLANG_WARN_ENUM_CONVERSION = YES;
				CLANG_WARN_INFINITE_RECURSION = YES;
				CLANG_WARN_INT_CONVERSION = YES;
				CLANG_WARN_NON_LITERAL_NULL_CONVERSION = YES;
				CLANG_WARN_OBJC_IMPLICIT_RETAIN_SELF = YES;
				CLANG_WARN_OBJC_LITERAL_CONVERSION = YES;
				CLANG_WARN_OBJC_ROOT_CLASS = YES_ERROR;
				CLANG_WARN_RANGE_LOOP_ANALYSIS = YES;
				CLANG_WARN_STRICT_PROTOTYPES = YES;
				CLANG_WARN_SUSPICIOUS_MOVE = YES;
				CLANG_WARN_UNGUARDED_AVAILABILITY = YES_AGGRESSIVE;
				CLANG_WARN_UNREACHABLE_CODE = YES;
				CLANG_WARN__DUPLICATE_METHOD_MATCH = YES;
				COPY_PHASE_STRIP = NO;
				DEBUG_INFORMATION_FORMAT = dwarf;
				ENABLE_STRICT_OBJC_MSGSEND = YES;
				ENABLE_TESTABILITY = YES;
				GCC_C_LANGUAGE_STANDARD = gnu11;
				GCC_DYNAMIC_NO_PIC = NO;
				GCC_NO_COMMON_BLOCKS = YES;
				GCC_OPTIMIZATION_LEVEL = 0;
				GCC_PREPROCESSOR_DEFINITIONS = (
					"DEBUG=1",
					"$(inherited)",
				);
				GCC_WARN_64_TO_32_BIT_CONVERSION = YES;
				GCC_WARN_ABOUT_RETURN_TYPE = YES_ERROR;
				GCC_WARN_UNDECLARED_SELECTOR = YES;
				GCC_WARN_UNINITIALIZED_AUTOS = YES_AGGRESSIVE;
				GCC_WARN_UNUSED_FUNCTION = YES;
				GCC_WARN_UNUSED_VARIABLE = YES;
				IPHONEOS_DEPLOYMENT_TARGET = 13.2;
				MTL_ENABLE_DEBUG_INFO = INCLUDE_SOURCE;
				MTL_FAST_MATH = YES;
				ONLY_ACTIVE_ARCH = YES;
				SDKROOT = iphoneos;
				SWIFT_ACTIVE_COMPILATION_CONDITIONS = DEBUG;
				SWIFT_OPTIMIZATION_LEVEL = "-Onone";
			};
			name = Debug;
		};
		C155D9BA24FED2F30021746E /* Release */ = {
			isa = XCBuildConfiguration;
			buildSettings = {
				ALWAYS_SEARCH_USER_PATHS = NO;
				CLANG_ANALYZER_NONNULL = YES;
				CLANG_ANALYZER_NUMBER_OBJECT_CONVERSION = YES_AGGRESSIVE;
				CLANG_CXX_LANGUAGE_STANDARD = "gnu++14";
				CLANG_CXX_LIBRARY = "libc++";
				CLANG_ENABLE_MODULES = YES;
				CLANG_ENABLE_OBJC_ARC = YES;
				CLANG_ENABLE_OBJC_WEAK = YES;
				CLANG_WARN_BLOCK_CAPTURE_AUTORELEASING = YES;
				CLANG_WARN_BOOL_CONVERSION = YES;
				CLANG_WARN_COMMA = YES;
				CLANG_WARN_CONSTANT_CONVERSION = YES;
				CLANG_WARN_DEPRECATED_OBJC_IMPLEMENTATIONS = YES;
				CLANG_WARN_DIRECT_OBJC_ISA_USAGE = YES_ERROR;
				CLANG_WARN_DOCUMENTATION_COMMENTS = YES;
				CLANG_WARN_EMPTY_BODY = YES;
				CLANG_WARN_ENUM_CONVERSION = YES;
				CLANG_WARN_INFINITE_RECURSION = YES;
				CLANG_WARN_INT_CONVERSION = YES;
				CLANG_WARN_NON_LITERAL_NULL_CONVERSION = YES;
				CLANG_WARN_OBJC_IMPLICIT_RETAIN_SELF = YES;
				CLANG_WARN_OBJC_LITERAL_CONVERSION = YES;
				CLANG_WARN_OBJC_ROOT_CLASS = YES_ERROR;
				CLANG_WARN_RANGE_LOOP_ANALYSIS = YES;
				CLANG_WARN_STRICT_PROTOTYPES = YES;
				CLANG_WARN_SUSPICIOUS_MOVE = YES;
				CLANG_WARN_UNGUARDED_AVAILABILITY = YES_AGGRESSIVE;
				CLANG_WARN_UNREACHABLE_CODE = YES;
				CLANG_WARN__DUPLICATE_METHOD_MATCH = YES;
				COPY_PHASE_STRIP = NO;
				DEBUG_INFORMATION_FORMAT = "dwarf-with-dsym";
				ENABLE_NS_ASSERTIONS = NO;
				ENABLE_STRICT_OBJC_MSGSEND = YES;
				GCC_C_LANGUAGE_STANDARD = gnu11;
				GCC_NO_COMMON_BLOCKS = YES;
				GCC_WARN_64_TO_32_BIT_CONVERSION = YES;
				GCC_WARN_ABOUT_RETURN_TYPE = YES_ERROR;
				GCC_WARN_UNDECLARED_SELECTOR = YES;
				GCC_WARN_UNINITIALIZED_AUTOS = YES_AGGRESSIVE;
				GCC_WARN_UNUSED_FUNCTION = YES;
				GCC_WARN_UNUSED_VARIABLE = YES;
				IPHONEOS_DEPLOYMENT_TARGET = 13.2;
				MTL_ENABLE_DEBUG_INFO = NO;
				MTL_FAST_MATH = YES;
				SDKROOT = iphoneos;
				SWIFT_COMPILATION_MODE = wholemodule;
				SWIFT_OPTIMIZATION_LEVEL = "-O";
				VALIDATE_PRODUCT = YES;
			};
			name = Release;
		};
		C155D9BC24FED2F30021746E /* Debug */ = {
			isa = XCBuildConfiguration;
			buildSettings = {
				ASSETCATALOG_COMPILER_APPICON_NAME = AppIcon;
				CODE_SIGN_STYLE = Automatic;
				DEVELOPMENT_TEAM = REPK4Q54B8;
				INFOPLIST_FILE = SoSafeTest/Info.plist;
				LD_RUNPATH_SEARCH_PATHS = (
					"$(inherited)",
					"@executable_path/Frameworks",
				);
				PRODUCT_BUNDLE_IDENTIFIER = com.davidgoren.SoSafeTest;
				PRODUCT_NAME = "$(TARGET_NAME)";
				SWIFT_VERSION = 5.0;
				TARGETED_DEVICE_FAMILY = "1,2";
			};
			name = Debug;
		};
		C155D9BD24FED2F30021746E /* Release */ = {
			isa = XCBuildConfiguration;
			buildSettings = {
				ASSETCATALOG_COMPILER_APPICON_NAME = AppIcon;
				CODE_SIGN_STYLE = Automatic;
				DEVELOPMENT_TEAM = REPK4Q54B8;
				INFOPLIST_FILE = SoSafeTest/Info.plist;
				LD_RUNPATH_SEARCH_PATHS = (
					"$(inherited)",
					"@executable_path/Frameworks",
				);
				PRODUCT_BUNDLE_IDENTIFIER = com.davidgoren.SoSafeTest;
				PRODUCT_NAME = "$(TARGET_NAME)";
				SWIFT_VERSION = 5.0;
				TARGETED_DEVICE_FAMILY = "1,2";
			};
			name = Release;
		};
/* End XCBuildConfiguration section */

/* Begin XCConfigurationList section */
		C155D9A224FED2F10021746E /* Build configuration list for PBXProject "SoSafeTest" */ = {
			isa = XCConfigurationList;
			buildConfigurations = (
				C155D9B924FED2F30021746E /* Debug */,
				C155D9BA24FED2F30021746E /* Release */,
			);
			defaultConfigurationIsVisible = 0;
			defaultConfigurationName = Release;
		};
		C155D9BB24FED2F30021746E /* Build configuration list for PBXNativeTarget "SoSafeTest" */ = {
			isa = XCConfigurationList;
			buildConfigurations = (
				C155D9BC24FED2F30021746E /* Debug */,
				C155D9BD24FED2F30021746E /* Release */,
			);
			defaultConfigurationIsVisible = 0;
			defaultConfigurationName = Release;
		};
/* End XCConfigurationList section */
	};
	rootObject = C155D99F24FED2F10021746E /* Project object */;
}
